{
    "format_version": "1.2",
    "terraform_version": "1.12.2",
    "variables": {
        "ubuntu_sydney": {
            "value": "ami-0df7a207adb9748c7"
        }
    },
    "planned_values": {
        "root_module": {
            "resources": [
                {
                    "address": "aws_instance.web",
                    "mode": "managed",
                    "type": "aws_instance",
                    "name": "web",
                    "provider_name": "registry.terraform.io/hashicorp/aws",
                    "schema_version": 1,
                    "values": {
                        "ami": "ami-0df7a207adb9748c7",
                        "credit_specification": [],
                        "get_password_data": false,
                        "hibernation": null,
                        "iam_instance_profile": null,
                        "instance_type": "t2.micro",
                        "key_name": "fake-key",
                        "launch_template": [],
                        "source_dest_check": true,
                        "tags": {
                            "Name": "web-instance"
                        },
                        "tags_all": {
                            "Name": "web-instance"
                        },
                        "timeouts": null,
                        "user_data_replace_on_change": false,
                        "volume_tags": null
                    },
                    "sensitive_values": {
                        "capacity_reservation_specification": [],
                        "credit_specification": [],
                        "ebs_block_device": [],
                        "enclave_options": [],
                        "ephemeral_block_device": [],
                        "ipv6_addresses": [],
                        "launch_template": [],
                        "maintenance_options": [],
                        "metadata_options": [],
                        "network_interface": [],
                        "root_block_device": [],
                        "secondary_private_ips": [],
                        "security_groups": [],
                        "tags": {},
                        "tags_all": {},
                        "vpc_security_group_ids": []
                    }
                },
                {
                    "address": "aws_internet_gateway.gw",
                    "mode": "managed",
                    "type": "aws_internet_gateway",
                    "name": "gw",
                    "provider_name": "registry.terraform.io/hashicorp/aws",
                    "schema_version": 0,
                    "values": {
                        "tags": {
                            "Name": "main-igw"
                        },
                        "tags_all": {
                            "Name": "main-igw"
                        }
                    },
                    "sensitive_values": {
                        "tags": {},
                        "tags_all": {}
                    }
                },
                {
                    "address": "aws_key_pair.henry",
                    "mode": "managed",
                    "type": "aws_key_pair",
                    "name": "henry",
                    "provider_name": "registry.terraform.io/hashicorp/aws",
                    "schema_version": 1,
                    "values": {
                        "key_name": "fake-key",
                        "public_key": "ssh-rsa AAAAB3NzaC1yc2EAAAADAQABAAABAQC3xR5+uPZ1Yj6nZ9dqG8V0+XtF9UqYt8DlLnF9J7OVhLwB0xM9Z8r6yI96aKpxY6fEuM9lP4+fLwC6IGjE19Y47c3nP5N/4NcuYZRo8aY7XqVhCxNxR+tOB6HW0hT1z9Fe1hB4+1cD1X2r5q3d+YX1O4o1G2IoW1nD8Q6kjMVZJ6wRW0L97+zLkXmD6GJ9CZ37UqK+uHsY6dZkD7zX1FlW9E6Vqz58RGPXkKgW8uH9DqNzHu2V/rlb7M7TV2vPKtXRqMNRtC7NHMfJH93LX6OBVjNqPptPtZR3pL7zdzEG6D+q3/2gFFvJvfvQWf6VQqHkO8cZ FakeKeyForTerraformTesting",
                        "tags": null
                    },
                    "sensitive_values": {
                        "tags_all": {}
                    }
                },
                {
                    "address": "aws_route.public_internet_access",
                    "mode": "managed",
                    "type": "aws_route",
                    "name": "public_internet_access",
                    "provider_name": "registry.terraform.io/hashicorp/aws",
                    "schema_version": 0,
                    "values": {
                        "carrier_gateway_id": null,
                        "core_network_arn": null,
                        "destination_cidr_block": "0.0.0.0/0",
                        "destination_ipv6_cidr_block": null,
                        "destination_prefix_list_id": null,
                        "egress_only_gateway_id": null,
                        "local_gateway_id": null,
                        "nat_gateway_id": null,
                        "timeouts": null,
                        "transit_gateway_id": null,
                        "vpc_endpoint_id": null,
                        "vpc_peering_connection_id": null
                    },
                    "sensitive_values": {}
                },
                {
                    "address": "aws_route_table.public",
                    "mode": "managed",
                    "type": "aws_route_table",
                    "name": "public",
                    "provider_name": "registry.terraform.io/hashicorp/aws",
                    "schema_version": 0,
                    "values": {
                        "tags": null,
                        "timeouts": null
                    },
                    "sensitive_values": {
                        "propagating_vgws": [],
                        "route": [],
                        "tags_all": {}
                    }
                },
                {
                    "address": "aws_route_table_association.public",
                    "mode": "managed",
                    "type": "aws_route_table_association",
                    "name": "public",
                    "provider_name": "registry.terraform.io/hashicorp/aws",
                    "schema_version": 0,
                    "values": {
                        "gateway_id": null
                    },
                    "sensitive_values": {}
                },
                {
                    "address": "aws_s3_bucket_versioning.log-threat-intel",
                    "mode": "managed",
                    "type": "aws_s3_bucket_versioning",
                    "name": "log-threat-intel",
                    "provider_name": "registry.terraform.io/hashicorp/aws",
                    "schema_version": 0,
                    "values": {
                        "bucket": "henry-threat-intel-bucket",
                        "expected_bucket_owner": null,
                        "mfa": null,
                        "versioning_configuration": [
                            {
                                "status": "Enabled"
                            }
                        ]
                    },
                    "sensitive_values": {
                        "versioning_configuration": [
                            {}
                        ]
                    }
                },
                {
                    "address": "aws_security_group.secure_access",
                    "mode": "managed",
                    "type": "aws_security_group",
                    "name": "secure_access",
                    "provider_name": "registry.terraform.io/hashicorp/aws",
                    "schema_version": 1,
                    "values": {
                        "description": "Restricted SG for SSH HTTP Wazuh Suricata",
                        "egress": [
                            {
                                "cidr_blocks": [
                                    "0.0.0.0/0"
                                ],
                                "description": "Allow all outbound",
                                "from_port": 0,
                                "ipv6_cidr_blocks": [],
                                "prefix_list_ids": [],
                                "protocol": "-1",
                                "security_groups": [],
                                "self": false,
                                "to_port": 0
                            }
                        ],
                        "ingress": [
                            {
                                "cidr_blocks": [
                                    "0.0.0.0/0"
                                ],
                                "description": "HTTP access from anywhere",
                                "from_port": 80,
                                "ipv6_cidr_blocks": [],
                                "prefix_list_ids": [],
                                "protocol": "tcp",
                                "security_groups": [],
                                "self": false,
                                "to_port": 80
                            },
                            {
                                "cidr_blocks": [
                                    "10.0.0.0/16"
                                ],
                                "description": "NetFlow traffic for Suricata",
                                "from_port": 2055,
                                "ipv6_cidr_blocks": [],
                                "prefix_list_ids": [],
                                "protocol": "udp",
                                "security_groups": [],
                                "self": false,
                                "to_port": 2055
                            },
                            {
                                "cidr_blocks": [
                                    "10.0.0.0/16"
                                ],
                                "description": "Syslog UDP from VPC",
                                "from_port": 514,
                                "ipv6_cidr_blocks": [],
                                "prefix_list_ids": [],
                                "protocol": "udp",
                                "security_groups": [],
                                "self": false,
                                "to_port": 514
                            },
                            {
                                "cidr_blocks": [
                                    "10.0.0.0/16"
                                ],
                                "description": "Wazuh TCP agent traffic from VPC",
                                "from_port": 1514,
                                "ipv6_cidr_blocks": [],
                                "prefix_list_ids": [],
                                "protocol": "tcp",
                                "security_groups": [],
                                "self": false,
                                "to_port": 1514
                            },
                            {
                                "cidr_blocks": [
                                    "115.188.97.164/32"
                                ],
                                "description": "SSH access from Henrys IP only",
                                "from_port": 22,
                                "ipv6_cidr_blocks": [],
                                "prefix_list_ids": [],
                                "protocol": "tcp",
                                "security_groups": [],
                                "self": false,
                                "to_port": 22
                            }
                        ],
                        "name": "restricted-access",
                        "revoke_rules_on_delete": false,
                        "tags": {
                            "Name": "secure-access"
                        },
                        "tags_all": {
                            "Name": "secure-access"
                        },
                        "timeouts": null
                    },
                    "sensitive_values": {
                        "egress": [
                            {
                                "cidr_blocks": [
                                    false
                                ],
                                "ipv6_cidr_blocks": [],
                                "prefix_list_ids": [],
                                "security_groups": []
                            }
                        ],
                        "ingress": [
                            {
                                "cidr_blocks": [
                                    false
                                ],
                                "ipv6_cidr_blocks": [],
                                "prefix_list_ids": [],
                                "security_groups": []
                            },
                            {
                                "cidr_blocks": [
                                    false
                                ],
                                "ipv6_cidr_blocks": [],
                                "prefix_list_ids": [],
                                "security_groups": []
                            },
                            {
                                "cidr_blocks": [
                                    false
                                ],
                                "ipv6_cidr_blocks": [],
                                "prefix_list_ids": [],
                                "security_groups": []
                            },
                            {
                                "cidr_blocks": [
                                    false
                                ],
                                "ipv6_cidr_blocks": [],
                                "prefix_list_ids": [],
                                "security_groups": []
                            },
                            {
                                "cidr_blocks": [
                                    false
                                ],
                                "ipv6_cidr_blocks": [],
                                "prefix_list_ids": [],
                                "security_groups": []
                            }
                        ],
                        "tags": {},
                        "tags_all": {}
                    }
                },
                {
                    "address": "aws_subnet.private",
                    "mode": "managed",
                    "type": "aws_subnet",
                    "name": "private",
                    "provider_name": "registry.terraform.io/hashicorp/aws",
                    "schema_version": 1,
                    "values": {
                        "assign_ipv6_address_on_creation": false,
                        "availability_zone": "ap-southeast-2a",
                        "cidr_block": "10.0.2.0/24",
                        "customer_owned_ipv4_pool": null,
                        "enable_dns64": false,
                        "enable_resource_name_dns_a_record_on_launch": false,
                        "enable_resource_name_dns_aaaa_record_on_launch": false,
                        "ipv6_cidr_block": null,
                        "ipv6_native": false,
                        "map_customer_owned_ip_on_launch": null,
                        "map_public_ip_on_launch": false,
                        "outpost_arn": null,
                        "tags": null,
                        "timeouts": null
                    },
                    "sensitive_values": {
                        "tags_all": {}
                    }
                },
                {
                    "address": "aws_subnet.public",
                    "mode": "managed",
                    "type": "aws_subnet",
                    "name": "public",
                    "provider_name": "registry.terraform.io/hashicorp/aws",
                    "schema_version": 1,
                    "values": {
                        "assign_ipv6_address_on_creation": false,
                        "availability_zone": "ap-southeast-2a",
                        "cidr_block": "10.0.1.0/24",
                        "customer_owned_ipv4_pool": null,
                        "enable_dns64": false,
                        "enable_resource_name_dns_a_record_on_launch": false,
                        "enable_resource_name_dns_aaaa_record_on_launch": false,
                        "ipv6_cidr_block": null,
                        "ipv6_native": false,
                        "map_customer_owned_ip_on_launch": null,
                        "map_public_ip_on_launch": true,
                        "outpost_arn": null,
                        "tags": null,
                        "timeouts": null
                    },
                    "sensitive_values": {
                        "tags_all": {}
                    }
                },
                {
                    "address": "aws_vpc.main",
                    "mode": "managed",
                    "type": "aws_vpc",
                    "name": "main",
                    "provider_name": "registry.terraform.io/hashicorp/aws",
                    "schema_version": 1,
                    "values": {
                        "assign_generated_ipv6_cidr_block": null,
                        "cidr_block": "10.0.0.0/16",
                        "enable_dns_support": true,
                        "instance_tenancy": "default",
                        "ipv4_ipam_pool_id": null,
                        "ipv4_netmask_length": null,
                        "ipv6_ipam_pool_id": null,
                        "ipv6_netmask_length": null,
                        "tags": null
                    },
                    "sensitive_values": {
                        "tags_all": {}
                    }
                }
            ]
        }
    },
    "resource_changes": [
        {
            "address": "aws_instance.web",
            "mode": "managed",
            "type": "aws_instance",
            "name": "web",
            "provider_name": "registry.terraform.io/hashicorp/aws",
            "change": {
                "actions": [
                    "create"
                ],
                "before": null,
                "after": {
                    "ami": "ami-0df7a207adb9748c7",
                    "credit_specification": [],
                    "get_password_data": false,
                    "hibernation": null,
                    "iam_instance_profile": null,
                    "instance_type": "t2.micro",
                    "key_name": "fake-key",
                    "launch_template": [],
                    "source_dest_check": true,
                    "tags": {
                        "Name": "web-instance"
                    },
                    "tags_all": {
                        "Name": "web-instance"
                    },
                    "timeouts": null,
                    "user_data_replace_on_change": false,
                    "volume_tags": null
                },
                "after_unknown": {
                    "arn": true,
                    "associate_public_ip_address": true,
                    "availability_zone": true,
                    "capacity_reservation_specification": true,
                    "cpu_core_count": true,
                    "cpu_threads_per_core": true,
                    "credit_specification": [],
                    "disable_api_termination": true,
                    "ebs_block_device": true,
                    "ebs_optimized": true,
                    "enclave_options": true,
                    "ephemeral_block_device": true,
                    "host_id": true,
                    "id": true,
                    "instance_initiated_shutdown_behavior": true,
                    "instance_state": true,
                    "ipv6_address_count": true,
                    "ipv6_addresses": true,
                    "launch_template": [],
                    "maintenance_options": true,
                    "metadata_options": true,
                    "monitoring": true,
                    "network_interface": true,
                    "outpost_arn": true,
                    "password_data": true,
                    "placement_group": true,
                    "placement_partition_number": true,
                    "primary_network_interface_id": true,
                    "private_dns": true,
                    "private_ip": true,
                    "public_dns": true,
                    "public_ip": true,
                    "root_block_device": true,
                    "secondary_private_ips": true,
                    "security_groups": true,
                    "subnet_id": true,
                    "tags": {},
                    "tags_all": {},
                    "tenancy": true,
                    "user_data": true,
                    "user_data_base64": true,
                    "vpc_security_group_ids": true
                },
                "before_sensitive": false,
                "after_sensitive": {
                    "capacity_reservation_specification": [],
                    "credit_specification": [],
                    "ebs_block_device": [],
                    "enclave_options": [],
                    "ephemeral_block_device": [],
                    "ipv6_addresses": [],
                    "launch_template": [],
                    "maintenance_options": [],
                    "metadata_options": [],
                    "network_interface": [],
                    "root_block_device": [],
                    "secondary_private_ips": [],
                    "security_groups": [],
                    "tags": {},
                    "tags_all": {},
                    "vpc_security_group_ids": []
                }
            }
        },
        {
            "address": "aws_internet_gateway.gw",
            "mode": "managed",
            "type": "aws_internet_gateway",
            "name": "gw",
            "provider_name": "registry.terraform.io/hashicorp/aws",
            "change": {
                "actions": [
                    "create"
                ],
                "before": null,
                "after": {
                    "tags": {
                        "Name": "main-igw"
                    },
                    "tags_all": {
                        "Name": "main-igw"
                    }
                },
                "after_unknown": {
                    "arn": true,
                    "id": true,
                    "owner_id": true,
                    "tags": {},
                    "tags_all": {},
                    "vpc_id": true
                },
                "before_sensitive": false,
                "after_sensitive": {
                    "tags": {},
                    "tags_all": {}
                }
            }
        },
        {
            "address": "aws_key_pair.henry",
            "mode": "managed",
            "type": "aws_key_pair",
            "name": "henry",
            "provider_name": "registry.terraform.io/hashicorp/aws",
            "change": {
                "actions": [
                    "create"
                ],
                "before": null,
                "after": {
                    "key_name": "fake-key",
                    "public_key": "ssh-rsa AAAAB3NzaC1yc2EAAAADAQABAAABAQC3xR5+uPZ1Yj6nZ9dqG8V0+XtF9UqYt8DlLnF9J7OVhLwB0xM9Z8r6yI96aKpxY6fEuM9lP4+fLwC6IGjE19Y47c3nP5N/4NcuYZRo8aY7XqVhCxNxR+tOB6HW0hT1z9Fe1hB4+1cD1X2r5q3d+YX1O4o1G2IoW1nD8Q6kjMVZJ6wRW0L97+zLkXmD6GJ9CZ37UqK+uHsY6dZkD7zX1FlW9E6Vqz58RGPXkKgW8uH9DqNzHu2V/rlb7M7TV2vPKtXRqMNRtC7NHMfJH93LX6OBVjNqPptPtZR3pL7zdzEG6D+q3/2gFFvJvfvQWf6VQqHkO8cZ FakeKeyForTerraformTesting",
                    "tags": null
                },
                "after_unknown": {
                    "arn": true,
                    "fingerprint": true,
                    "id": true,
                    "key_name_prefix": true,
                    "key_pair_id": true,
                    "tags_all": true
                },
                "before_sensitive": false,
                "after_sensitive": {
                    "tags_all": {}
                }
            }
        },
        {
            "address": "aws_route.public_internet_access",
            "mode": "managed",
            "type": "aws_route",
            "name": "public_internet_access",
            "provider_name": "registry.terraform.io/hashicorp/aws",
            "change": {
                "actions": [
                    "create"
                ],
                "before": null,
                "after": {
                    "carrier_gateway_id": null,
                    "core_network_arn": null,
                    "destination_cidr_block": "0.0.0.0/0",
                    "destination_ipv6_cidr_block": null,
                    "destination_prefix_list_id": null,
                    "egress_only_gateway_id": null,
                    "local_gateway_id": null,
                    "nat_gateway_id": null,
                    "timeouts": null,
                    "transit_gateway_id": null,
                    "vpc_endpoint_id": null,
                    "vpc_peering_connection_id": null
                },
                "after_unknown": {
                    "gateway_id": true,
                    "id": true,
                    "instance_id": true,
                    "instance_owner_id": true,
                    "network_interface_id": true,
                    "origin": true,
                    "route_table_id": true,
                    "state": true
                },
                "before_sensitive": false,
                "after_sensitive": {}
            }
        },
        {
            "address": "aws_route_table.public",
            "mode": "managed",
            "type": "aws_route_table",
            "name": "public",
            "provider_name": "registry.terraform.io/hashicorp/aws",
            "change": {
                "actions": [
                    "create"
                ],
                "before": null,
                "after": {
                    "tags": null,
                    "timeouts": null
                },
                "after_unknown": {
                    "arn": true,
                    "id": true,
                    "owner_id": true,
                    "propagating_vgws": true,
                    "route": true,
                    "tags_all": true,
                    "vpc_id": true
                },
                "before_sensitive": false,
                "after_sensitive": {
                    "propagating_vgws": [],
                    "route": [],
                    "tags_all": {}
                }
            }
        },
        {
            "address": "aws_route_table_association.public",
            "mode": "managed",
            "type": "aws_route_table_association",
            "name": "public",
            "provider_name": "registry.terraform.io/hashicorp/aws",
            "change": {
                "actions": [
                    "create"
                ],
                "before": null,
                "after": {
                    "gateway_id": null
                },
                "after_unknown": {
                    "id": true,
                    "route_table_id": true,
                    "subnet_id": true
                },
                "before_sensitive": false,
                "after_sensitive": {}
            }
        },
        {
            "address": "aws_s3_bucket_versioning.log-threat-intel",
            "mode": "managed",
            "type": "aws_s3_bucket_versioning",
            "name": "log-threat-intel",
            "provider_name": "registry.terraform.io/hashicorp/aws",
            "change": {
                "actions": [
                    "create"
                ],
                "before": null,
                "after": {
                    "bucket": "henry-threat-intel-bucket",
                    "expected_bucket_owner": null,
                    "mfa": null,
                    "versioning_configuration": [
                        {
                            "status": "Enabled"
                        }
                    ]
                },
                "after_unknown": {
                    "id": true,
                    "versioning_configuration": [
                        {
                            "mfa_delete": true
                        }
                    ]
                },
                "before_sensitive": false,
                "after_sensitive": {
                    "versioning_configuration": [
                        {}
                    ]
                }
            }
        },
        {
            "address": "aws_security_group.secure_access",
            "mode": "managed",
            "type": "aws_security_group",
            "name": "secure_access",
            "provider_name": "registry.terraform.io/hashicorp/aws",
            "change": {
                "actions": [
                    "create"
                ],
                "before": null,
                "after": {
                    "description": "Restricted SG for SSH HTTP Wazuh Suricata",
                    "egress": [
                        {
                            "cidr_blocks": [
                                "0.0.0.0/0"
                            ],
                            "description": "Allow all outbound",
                            "from_port": 0,
                            "ipv6_cidr_blocks": [],
                            "prefix_list_ids": [],
                            "protocol": "-1",
                            "security_groups": [],
                            "self": false,
                            "to_port": 0
                        }
                    ],
                    "ingress": [
                        {
                            "cidr_blocks": [
                                "0.0.0.0/0"
                            ],
                            "description": "HTTP access from anywhere",
                            "from_port": 80,
                            "ipv6_cidr_blocks": [],
                            "prefix_list_ids": [],
                            "protocol": "tcp",
                            "security_groups": [],
                            "self": false,
                            "to_port": 80
                        },
                        {
                            "cidr_blocks": [
                                "10.0.0.0/16"
                            ],
                            "description": "NetFlow traffic for Suricata",
                            "from_port": 2055,
                            "ipv6_cidr_blocks": [],
                            "prefix_list_ids": [],
                            "protocol": "udp",
                            "security_groups": [],
                            "self": false,
                            "to_port": 2055
                        },
                        {
                            "cidr_blocks": [
                                "10.0.0.0/16"
                            ],
                            "description": "Syslog UDP from VPC",
                            "from_port": 514,
                            "ipv6_cidr_blocks": [],
                            "prefix_list_ids": [],
                            "protocol": "udp",
                            "security_groups": [],
                            "self": false,
                            "to_port": 514
                        },
                        {
                            "cidr_blocks": [
                                "10.0.0.0/16"
                            ],
                            "description": "Wazuh TCP agent traffic from VPC",
                            "from_port": 1514,
                            "ipv6_cidr_blocks": [],
                            "prefix_list_ids": [],
                            "protocol": "tcp",
                            "security_groups": [],
                            "self": false,
                            "to_port": 1514
                        },
                        {
                            "cidr_blocks": [
                                "115.188.97.164/32"
                            ],
                            "description": "SSH access from Henrys IP only",
                            "from_port": 22,
                            "ipv6_cidr_blocks": [],
                            "prefix_list_ids": [],
                            "protocol": "tcp",
                            "security_groups": [],
                            "self": false,
                            "to_port": 22
                        }
                    ],
                    "name": "restricted-access",
                    "revoke_rules_on_delete": false,
                    "tags": {
                        "Name": "secure-access"
                    },
                    "tags_all": {
                        "Name": "secure-access"
                    },
                    "timeouts": null
                },
                "after_unknown": {
                    "arn": true,
                    "egress": [
                        {
                            "cidr_blocks": [
                                false
                            ],
                            "ipv6_cidr_blocks": [],
                            "prefix_list_ids": [],
                            "security_groups": []
                        }
                    ],
                    "id": true,
                    "ingress": [
                        {
                            "cidr_blocks": [
                                false
                            ],
                            "ipv6_cidr_blocks": [],
                            "prefix_list_ids": [],
                            "security_groups": []
                        },
                        {
                            "cidr_blocks": [
                                false
                            ],
                            "ipv6_cidr_blocks": [],
                            "prefix_list_ids": [],
                            "security_groups": []
                        },
                        {
                            "cidr_blocks": [
                                false
                            ],
                            "ipv6_cidr_blocks": [],
                            "prefix_list_ids": [],
                            "security_groups": []
                        },
                        {
                            "cidr_blocks": [
                                false
                            ],
                            "ipv6_cidr_blocks": [],
                            "prefix_list_ids": [],
                            "security_groups": []
                        },
                        {
                            "cidr_blocks": [
                                false
                            ],
                            "ipv6_cidr_blocks": [],
                            "prefix_list_ids": [],
                            "security_groups": []
                        }
                    ],
                    "name_prefix": true,
                    "owner_id": true,
                    "tags": {},
                    "tags_all": {},
                    "vpc_id": true
                },
                "before_sensitive": false,
                "after_sensitive": {
                    "egress": [
                        {
                            "cidr_blocks": [
                                false
                            ],
                            "ipv6_cidr_blocks": [],
                            "prefix_list_ids": [],
                            "security_groups": []
                        }
                    ],
                    "ingress": [
                        {
                            "cidr_blocks": [
                                false
                            ],
                            "ipv6_cidr_blocks": [],
                            "prefix_list_ids": [],
                            "security_groups": []
                        },
                        {
                            "cidr_blocks": [
                                false
                            ],
                            "ipv6_cidr_blocks": [],
                            "prefix_list_ids": [],
                            "security_groups": []
                        },
                        {
                            "cidr_blocks": [
                                false
                            ],
                            "ipv6_cidr_blocks": [],
                            "prefix_list_ids": [],
                            "security_groups": []
                        },
                        {
                            "cidr_blocks": [
                                false
                            ],
                            "ipv6_cidr_blocks": [],
                            "prefix_list_ids": [],
                            "security_groups": []
                        },
                        {
                            "cidr_blocks": [
                                false
                            ],
                            "ipv6_cidr_blocks": [],
                            "prefix_list_ids": [],
                            "security_groups": []
                        }
                    ],
                    "tags": {},
                    "tags_all": {}
                }
            }
        },
        {
            "address": "aws_subnet.private",
            "mode": "managed",
            "type": "aws_subnet",
            "name": "private",
            "provider_name": "registry.terraform.io/hashicorp/aws",
            "change": {
                "actions": [
                    "create"
                ],
                "before": null,
                "after": {
                    "assign_ipv6_address_on_creation": false,
                    "availability_zone": "ap-southeast-2a",
                    "cidr_block": "10.0.2.0/24",
                    "customer_owned_ipv4_pool": null,
                    "enable_dns64": false,
                    "enable_resource_name_dns_a_record_on_launch": false,
                    "enable_resource_name_dns_aaaa_record_on_launch": false,
                    "ipv6_cidr_block": null,
                    "ipv6_native": false,
                    "map_customer_owned_ip_on_launch": null,
                    "map_public_ip_on_launch": false,
                    "outpost_arn": null,
                    "tags": null,
                    "timeouts": null
                },
                "after_unknown": {
                    "arn": true,
                    "availability_zone_id": true,
                    "id": true,
                    "ipv6_cidr_block_association_id": true,
                    "owner_id": true,
                    "private_dns_hostname_type_on_launch": true,
                    "tags_all": true,
                    "vpc_id": true
                },
                "before_sensitive": false,
                "after_sensitive": {
                    "tags_all": {}
                }
            }
        },
        {
            "address": "aws_subnet.public",
            "mode": "managed",
            "type": "aws_subnet",
            "name": "public",
            "provider_name": "registry.terraform.io/hashicorp/aws",
            "change": {
                "actions": [
                    "create"
                ],
                "before": null,
                "after": {
                    "assign_ipv6_address_on_creation": false,
                    "availability_zone": "ap-southeast-2a",
                    "cidr_block": "10.0.1.0/24",
                    "customer_owned_ipv4_pool": null,
                    "enable_dns64": false,
                    "enable_resource_name_dns_a_record_on_launch": false,
                    "enable_resource_name_dns_aaaa_record_on_launch": false,
                    "ipv6_cidr_block": null,
                    "ipv6_native": false,
                    "map_customer_owned_ip_on_launch": null,
                    "map_public_ip_on_launch": true,
                    "outpost_arn": null,
                    "tags": null,
                    "timeouts": null
                },
                "after_unknown": {
                    "arn": true,
                    "availability_zone_id": true,
                    "id": true,
                    "ipv6_cidr_block_association_id": true,
                    "owner_id": true,
                    "private_dns_hostname_type_on_launch": true,
                    "tags_all": true,
                    "vpc_id": true
                },
                "before_sensitive": false,
                "after_sensitive": {
                    "tags_all": {}
                }
            }
        },
        {
            "address": "aws_vpc.main",
            "mode": "managed",
            "type": "aws_vpc",
            "name": "main",
            "provider_name": "registry.terraform.io/hashicorp/aws",
            "change": {
                "actions": [
                    "create"
                ],
                "before": null,
                "after": {
                    "assign_generated_ipv6_cidr_block": null,
                    "cidr_block": "10.0.0.0/16",
                    "enable_dns_support": true,
                    "instance_tenancy": "default",
                    "ipv4_ipam_pool_id": null,
                    "ipv4_netmask_length": null,
                    "ipv6_ipam_pool_id": null,
                    "ipv6_netmask_length": null,
                    "tags": null
                },
                "after_unknown": {
                    "arn": true,
                    "default_network_acl_id": true,
                    "default_route_table_id": true,
                    "default_security_group_id": true,
                    "dhcp_options_id": true,
                    "enable_classiclink": true,
                    "enable_classiclink_dns_support": true,
                    "enable_dns_hostnames": true,
                    "id": true,
                    "ipv6_association_id": true,
                    "ipv6_cidr_block": true,
                    "ipv6_cidr_block_network_border_group": true,
                    "main_route_table_id": true,
                    "owner_id": true,
                    "tags_all": true
                },
                "before_sensitive": false,
                "after_sensitive": {
                    "tags_all": {}
                }
            }
        }
    ],
    "prior_state": {
        "format_version": "1.0",
        "terraform_version": "1.12.2",
        "values": {
            "root_module": {
                "resources": [
                    {
                        "address": "data.aws_ami.amazon_linux",
                        "mode": "data",
                        "type": "aws_ami",
                        "name": "amazon_linux",
                        "provider_name": "registry.terraform.io/hashicorp/aws",
                        "schema_version": 0,
                        "values": {
                            "architecture": "x86_64",
                            "arn": "arn:aws:ec2:ap-southeast-2::image/ami-0e6874cbf738602e7",
                            "block_device_mappings": [
                                {
                                    "device_name": "/dev/xvda",
                                    "ebs": {
                                        "delete_on_termination": "true",
                                        "encrypted": "false",
                                        "iops": "0",
                                        "snapshot_id": "snap-0402a8ca9579925ee",
                                        "throughput": "0",
                                        "volume_size": "8",
                                        "volume_type": "gp2"
                                    },
                                    "no_device": "",
                                    "virtual_name": ""
                                }
                            ],
                            "boot_mode": "",
                            "creation_date": "2025-06-20T08:42:15.000Z",
                            "deprecation_time": "2025-09-18T08:42:00.000Z",
                            "description": "Amazon Linux 2 AMI 2.0.20250623.0 x86_64 HVM gp2",
                            "ena_support": true,
                            "executable_users": null,
                            "filter": [
                                {
                                    "name": "name",
                                    "values": [
                                        "amzn2-ami-hvm-*-x86_64-gp2"
                                    ]
                                },
                                {
                                    "name": "virtualization-type",
                                    "values": [
                                        "hvm"
                                    ]
                                }
                            ],
                            "hypervisor": "xen",
                            "id": "ami-0e6874cbf738602e7",
                            "image_id": "ami-0e6874cbf738602e7",
                            "image_location": "amazon/amzn2-ami-hvm-2.0.20250623.0-x86_64-gp2",
                            "image_owner_alias": "amazon",
                            "image_type": "machine",
                            "kernel_id": "",
                            "most_recent": true,
                            "name": "amzn2-ami-hvm-2.0.20250623.0-x86_64-gp2",
                            "name_regex": null,
                            "owner_id": "137112412989",
                            "owners": [
                                "amazon"
                            ],
                            "platform": "",
                            "platform_details": "Linux/UNIX",
                            "product_codes": [],
                            "public": true,
                            "ramdisk_id": "",
                            "root_device_name": "/dev/xvda",
                            "root_device_type": "ebs",
                            "root_snapshot_id": "snap-0402a8ca9579925ee",
                            "sriov_net_support": "simple",
                            "state": "available",
                            "state_reason": {
                                "code": "UNSET",
                                "message": "UNSET"
                            },
                            "tags": {},
                            "tpm_support": "",
                            "usage_operation": "RunInstances",
                            "virtualization_type": "hvm"
                        },
                        "sensitive_values": {
                            "block_device_mappings": [
                                {
                                    "ebs": {}
                                }
                            ],
                            "filter": [
                                {
                                    "values": [
                                        false
                                    ]
                                },
                                {
                                    "values": [
                                        false
                                    ]
                                }
                            ],
                            "owners": [
                                false
                            ],
                            "product_codes": [],
                            "state_reason": {},
                            "tags": {}
                        }
                    }
                ]
            }
        }
    },
    "configuration": {
        "provider_config": {
            "aws": {
                "name": "aws",
                "full_name": "registry.terraform.io/hashicorp/aws",
                "version_constraint": "~\u003e 4.18.0",
                "expressions": {
                    "region": {
                        "constant_value": "ap-southeast-2"
                    }
                }
            }
        },
        "root_module": {
            "resources": [
                {
                    "address": "aws_instance.web",
                    "mode": "managed",
                    "type": "aws_instance",
                    "name": "web",
                    "provider_config_key": "aws",
                    "expressions": {
                        "ami": {
                            "references": [
                                "var.ubuntu_sydney"
                            ]
                        },
                        "instance_type": {
                            "constant_value": "t2.micro"
                        },
                        "key_name": {
                            "references": [
                                "aws_key_pair.henry.key_name",
                                "aws_key_pair.henry"
                            ]
                        },
                        "security_groups": {
                            "references": [
                                "aws_security_group.secure_access.id",
                                "aws_security_group.secure_access"
                            ]
                        },
                        "subnet_id": {
                            "references": [
                                "aws_subnet.public.id",
                                "aws_subnet.public"
                            ]
                        },
                        "tags": {
                            "constant_value": {
                                "Name": "web-instance"
                            }
                        }
                    },
                    "schema_version": 1
                },
                {
                    "address": "aws_internet_gateway.gw",
                    "mode": "managed",
                    "type": "aws_internet_gateway",
                    "name": "gw",
                    "provider_config_key": "aws",
                    "expressions": {
                        "tags": {
                            "constant_value": {
                                "Name": "main-igw"
                            }
                        },
                        "vpc_id": {
                            "references": [
                                "aws_vpc.main.id",
                                "aws_vpc.main"
                            ]
                        }
                    },
                    "schema_version": 0
                },
                {
                    "address": "aws_key_pair.henry",
                    "mode": "managed",
                    "type": "aws_key_pair",
                    "name": "henry",
                    "provider_config_key": "aws",
                    "expressions": {
                        "key_name": {
                            "constant_value": "fake-key"
                        },
                        "public_key": {}
                    },
                    "schema_version": 1
                },
                {
                    "address": "aws_route.public_internet_access",
                    "mode": "managed",
                    "type": "aws_route",
                    "name": "public_internet_access",
                    "provider_config_key": "aws",
                    "expressions": {
                        "destination_cidr_block": {
                            "constant_value": "0.0.0.0/0"
                        },
                        "gateway_id": {
                            "references": [
                                "aws_internet_gateway.gw.id",
                                "aws_internet_gateway.gw"
                            ]
                        },
                        "route_table_id": {
                            "references": [
                                "aws_route_table.public.id",
                                "aws_route_table.public"
                            ]
                        }
                    },
                    "schema_version": 0
                },
                {
                    "address": "aws_route_table.public",
                    "mode": "managed",
                    "type": "aws_route_table",
                    "name": "public",
                    "provider_config_key": "aws",
                    "expressions": {
                        "vpc_id": {
                            "references": [
                                "aws_vpc.main.id",
                                "aws_vpc.main"
                            ]
                        }
                    },
                    "schema_version": 0
                },
                {
                    "address": "aws_route_table_association.public",
                    "mode": "managed",
                    "type": "aws_route_table_association",
                    "name": "public",
                    "provider_config_key": "aws",
                    "expressions": {
                        "route_table_id": {
                            "references": [
                                "aws_route_table.public.id",
                                "aws_route_table.public"
                            ]
                        },
                        "subnet_id": {
                            "references": [
                                "aws_subnet.public.id",
                                "aws_subnet.public"
                            ]
                        }
                    },
                    "schema_version": 0
                },
                {
                    "address": "aws_s3_bucket_versioning.log-threat-intel",
                    "mode": "managed",
                    "type": "aws_s3_bucket_versioning",
                    "name": "log-threat-intel",
                    "provider_config_key": "aws",
                    "expressions": {
                        "bucket": {
                            "constant_value": "henry-threat-intel-bucket"
                        },
                        "versioning_configuration": [
                            {
                                "status": {
                                    "constant_value": "Enabled"
                                }
                            }
                        ]
                    },
                    "schema_version": 0
                },
                {
                    "address": "aws_security_group.secure_access",
                    "mode": "managed",
                    "type": "aws_security_group",
                    "name": "secure_access",
                    "provider_config_key": "aws",
                    "expressions": {
                        "description": {
                            "constant_value": "Restricted SG for SSH HTTP Wazuh Suricata"
                        },
                        "egress": {
                            "constant_value": [
                                {
                                    "cidr_blocks": [
                                        "0.0.0.0/0"
                                    ],
                                    "description": "Allow all outbound",
                                    "from_port": 0,
                                    "ipv6_cidr_blocks": null,
                                    "prefix_list_ids": null,
                                    "protocol": "-1",
                                    "security_groups": null,
                                    "self": null,
                                    "to_port": 0
                                }
                            ]
                        },
                        "ingress": {
                            "constant_value": [
                                {
                                    "cidr_blocks": [
                                        "115.188.97.164/32"
                                    ],
                                    "description": "SSH access from Henrys IP only",
                                    "from_port": 22,
                                    "ipv6_cidr_blocks": null,
                                    "prefix_list_ids": null,
                                    "protocol": "tcp",
                                    "security_groups": null,
                                    "self": null,
                                    "to_port": 22
                                },
                                {
                                    "cidr_blocks": [
                                        "0.0.0.0/0"
                                    ],
                                    "description": "HTTP access from anywhere",
                                    "from_port": 80,
                                    "ipv6_cidr_blocks": null,
                                    "prefix_list_ids": null,
                                    "protocol": "tcp",
                                    "security_groups": null,
                                    "self": null,
                                    "to_port": 80
                                },
                                {
                                    "cidr_blocks": [
                                        "10.0.0.0/16"
                                    ],
                                    "description": "Wazuh TCP agent traffic from VPC",
                                    "from_port": 1514,
                                    "ipv6_cidr_blocks": null,
                                    "prefix_list_ids": null,
                                    "protocol": "tcp",
                                    "security_groups": null,
                                    "self": null,
                                    "to_port": 1514
                                },
                                {
                                    "cidr_blocks": [
                                        "10.0.0.0/16"
                                    ],
                                    "description": "Syslog UDP from VPC",
                                    "from_port": 514,
                                    "ipv6_cidr_blocks": null,
                                    "prefix_list_ids": null,
                                    "protocol": "udp",
                                    "security_groups": null,
                                    "self": null,
                                    "to_port": 514
                                },
                                {
                                    "cidr_blocks": [
                                        "10.0.0.0/16"
                                    ],
                                    "description": "NetFlow traffic for Suricata",
                                    "from_port": 2055,
                                    "ipv6_cidr_blocks": null,
                                    "prefix_list_ids": null,
                                    "protocol": "udp",
                                    "security_groups": null,
                                    "self": null,
                                    "to_port": 2055
                                }
                            ]
                        },
                        "name": {
                            "constant_value": "restricted-access"
                        },
                        "tags": {
                            "constant_value": {
                                "Name": "secure-access"
                            }
                        },
                        "vpc_id": {
                            "references": [
                                "aws_vpc.main.id",
                                "aws_vpc.main"
                            ]
                        }
                    },
                    "schema_version": 1
                },
                {
                    "address": "aws_subnet.private",
                    "mode": "managed",
                    "type": "aws_subnet",
                    "name": "private",
                    "provider_config_key": "aws",
                    "expressions": {
                        "availability_zone": {
                            "constant_value": "ap-southeast-2a"
                        },
                        "cidr_block": {
                            "constant_value": "10.0.2.0/24"
                        },
                        "map_public_ip_on_launch": {
                            "constant_value": false
                        },
                        "vpc_id": {
                            "references": [
                                "aws_vpc.main.id",
                                "aws_vpc.main"
                            ]
                        }
                    },
                    "schema_version": 1
                },
                {
                    "address": "aws_subnet.public",
                    "mode": "managed",
                    "type": "aws_subnet",
                    "name": "public",
                    "provider_config_key": "aws",
                    "expressions": {
                        "availability_zone": {
                            "constant_value": "ap-southeast-2a"
                        },
                        "cidr_block": {
                            "constant_value": "10.0.1.0/24"
                        },
                        "map_public_ip_on_launch": {
                            "constant_value": true
                        },
                        "vpc_id": {
                            "references": [
                                "aws_vpc.main.id",
                                "aws_vpc.main"
                            ]
                        }
                    },
                    "schema_version": 1
                },
                {
                    "address": "aws_vpc.main",
                    "mode": "managed",
                    "type": "aws_vpc",
                    "name": "main",
                    "provider_config_key": "aws",
                    "expressions": {
                        "cidr_block": {
                            "constant_value": "10.0.0.0/16"
                        }
                    },
                    "schema_version": 1
                },
                {
                    "address": "data.aws_ami.amazon_linux",
                    "mode": "data",
                    "type": "aws_ami",
                    "name": "amazon_linux",
                    "provider_config_key": "aws",
                    "expressions": {
                        "filter": [
                            {
                                "name": {
                                    "constant_value": "name"
                                },
                                "values": {
                                    "constant_value": [
                                        "amzn2-ami-hvm-*-x86_64-gp2"
                                    ]
                                }
                            },
                            {
                                "name": {
                                    "constant_value": "virtualization-type"
                                },
                                "values": {
                                    "constant_value": [
                                        "hvm"
                                    ]
                                }
                            }
                        ],
                        "most_recent": {
                            "constant_value": true
                        },
                        "owners": {
                            "constant_value": [
                                "amazon"
                            ]
                        }
                    },
                    "schema_version": 0
                }
            ],
            "variables": {
                "ubuntu_sydney": {
                    "default": "ami-0df7a207adb9748c7",
                    "description": "AMI ID for Sydney Ubuntu"
                }
            }
        }
    },
    "relevant_attributes": [
        {
            "resource": "aws_internet_gateway.gw",
            "attribute": [
                "id"
            ]
        },
        {
            "resource": "aws_route_table.public",
            "attribute": [
                "id"
            ]
        },
        {
            "resource": "aws_key_pair.henry",
            "attribute": [
                "key_name"
            ]
        },
        {
            "resource": "aws_security_group.secure_access",
            "attribute": [
                "id"
            ]
        },
        {
            "resource": "aws_subnet.public",
            "attribute": [
                "id"
            ]
        },
        {
            "resource": "aws_vpc.main",
            "attribute": [
                "id"
            ]
        }
    ],
    "timestamp": "2025-06-29T09:57:16Z",
    "applyable": true,
    "complete": true,
    "errored": false
}